{
    "name": "purs-keybingins",
    "version": "0.0.4",
    "lockfileVersion": 2,
    "requires": true,
    "packages": {
        "": {
            "name": "purs-keybingins",
            "version": "0.0.4",
            "engines": {
                "vscode": "^1.68.0"
            }
        }
    }
}
